
Microsoft Visual Studio Solution File, Format Version 12.00
# Visual Studio Version 17
VisualStudioVersion = 17.0.31903.59
MinimumVisualStudioVersion = 10.0.40219.1
Project("{2150E333-8FDC-42A3-9474-1A3956D46DE8}") = "backend", "backend", "{25608A21-D179-45DD-9655-A9B2D0EF6505}"
EndProject
Project("{FAE04EC0-301F-11D3-BF4B-00C04F79EFBC}") = "MyNavicat.Api", "backend\MyNavicat.Api\MyNavicat.Api.csproj", "{D424286E-8755-4304-846D-9EC3E4867D79}"
EndProject
Project("{FAE04EC0-301F-11D3-BF4B-00C04F79EFBC}") = "MyNavicat.Api.Tests", "backend\MyNavicat.Api.Tests\MyNavicat.Api.Tests.csproj", "{8EA4FB26-FBB5-4C70-8CDE-D94B734EF41A}"
EndProject
Global
	GlobalSection(SolutionConfigurationPlatforms) = preSolution
		Debug|Any CPU = Debug|Any CPU
		Release|Any CPU = Release|Any CPU
	EndGlobalSection
	GlobalSection(SolutionProperties) = preSolution
		HideSolutionNode = FALSE
	EndGlobalSection
	GlobalSection(ProjectConfigurationPlatforms) = postSolution
		{D424286E-8755-4304-846D-9EC3E4867D79}.Debug|Any CPU.ActiveCfg = Debug|Any CPU
		{D424286E-8755-4304-846D-9EC3E4867D79}.Debug|Any CPU.Build.0 = Debug|Any CPU
		{D424286E-8755-4304-846D-9EC3E4867D79}.Release|Any CPU.ActiveCfg = Release|Any CPU
		{D424286E-8755-4304-846D-9EC3E4867D79}.Release|Any CPU.Build.0 = Release|Any CPU
		{8EA4FB26-FBB5-4C70-8CDE-D94B734EF41A}.Debug|Any CPU.ActiveCfg = Debug|Any CPU
		{8EA4FB26-FBB5-4C70-8CDE-D94B734EF41A}.Debug|Any CPU.Build.0 = Debug|Any CPU
		{8EA4FB26-FBB5-4C70-8CDE-D94B734EF41A}.Release|Any CPU.ActiveCfg = Release|Any CPU
		{8EA4FB26-FBB5-4C70-8CDE-D94B734EF41A}.Release|Any CPU.Build.0 = Release|Any CPU
	EndGlobalSection
	GlobalSection(NestedProjects) = preSolution
		{D424286E-8755-4304-846D-9EC3E4867D79} = {25608A21-D179-45DD-9655-A9B2D0EF6505}
		{8EA4FB26-FBB5-4C70-8CDE-D94B734EF41A} = {25608A21-D179-45DD-9655-A9B2D0EF6505}
	EndGlobalSection
EndGlobal
